// !$*UTF8*$!
{
	archiveVersion = 1;
	classes = {
	};
	objectVersion = 77;
	objects = {

/* Begin PBXBuildFile section */
		075046F0BECA17BCE40C8798 /* TYboardApp.swift in Sources */ = {isa = PBXBuildFile; fileRef = CEF883A04333C873A69D2CB8 /* TYboardApp.swift */; };
		0C0B09DB68C54622782F14E5 /* PPTPreviewPanel.swift in Sources */ = {isa = PBXBuildFile; fileRef = 33F95F1452C3511F883364AD /* PPTPreviewPanel.swift */; };
		1166BB58355FF8EEB416B491 /* AssetLibraryView.swift in Sources */ = {isa = PBXBuildFile; fileRef = 4D120A16A04DED1529B1ACAE /* AssetLibraryView.swift */; };
		1324765781B9824178C30A7A /* ChatState.swift in Sources */ = {isa = PBXBuildFile; fileRef = ACA5E2551C0DE81D3467CD66 /* ChatState.swift */; };
		278EFCAA8424867DD4CA8F60 /* MainView.swift in Sources */ = {isa = PBXBuildFile; fileRef = 6A048E305E48C9F250DB507E /* MainView.swift */; };
		3F95EF1BF167CE19DEC075F4 /* ChatInputBar.swift in Sources */ = {isa = PBXBuildFile; fileRef = 685CFF6A324214002A29465C /* ChatInputBar.swift */; };
		41DCA9FDCCC781DB734FB1F3 /* SystemPrompts.swift in Sources */ = {isa = PBXBuildFile; fileRef = 59D9E15C105645978B60575D /* SystemPrompts.swift */; };
		581B169F6889D9932E921E16 /* AssetItem.swift in Sources */ = {isa = PBXBuildFile; fileRef = AECC9AA6758C9B1351A72265 /* AssetItem.swift */; };
		67C62D5CE34250E047FE6ACA /* SpeechRecognizer.swift in Sources */ = {isa = PBXBuildFile; fileRef = 5B24AB1C5095DAA97FCDC08A /* SpeechRecognizer.swift */; };
		89A617376BB6D2FA6EE25A28 /* CodeExtractor.swift in Sources */ = {isa = PBXBuildFile; fileRef = 33464AE6F8931DEAFB30A75A /* CodeExtractor.swift */; };
		8F2767653CD733A728F12765 /* Assets.xcassets in Resources */ = {isa = PBXBuildFile; fileRef = 537043B761960B2D96AB103E /* Assets.xcassets */; };
		A2F1A564CB455F94DC07AFBD /* AssetStore.swift in Sources */ = {isa = PBXBuildFile; fileRef = C1D519551ADFC1824CBD2543 /* AssetStore.swift */; };
		A47335663792A575A3F7B59D /* AttachmentPicker.swift in Sources */ = {isa = PBXBuildFile; fileRef = 437F21D7F466CC42520423CB /* AttachmentPicker.swift */; };
		A6CC5AAF238C0391465A3858 /* DrawingToolBar.swift in Sources */ = {isa = PBXBuildFile; fileRef = 52B636D7B97FEAC733026E52 /* DrawingToolBar.swift */; };
		AEB06728897F4080EB66630D /* CanvasState.swift in Sources */ = {isa = PBXBuildFile; fileRef = 13FFACB289684EAA50965478 /* CanvasState.swift */; };
		B1DBEAA9046C4034B7097CB8 /* InfiniteCanvasView.swift in Sources */ = {isa = PBXBuildFile; fileRef = BF38C6F6E3B25E41250587A8 /* InfiniteCanvasView.swift */; };
		B9372EDD3628C2E0E966E941 /* ClaudeAPIService.swift in Sources */ = {isa = PBXBuildFile; fileRef = 4B2A32BEB0F9B973E48256FA /* ClaudeAPIService.swift */; };
		CD3BAC86C128C776828C9B43 /* Slide.swift in Sources */ = {isa = PBXBuildFile; fileRef = 8C87AD932D093A60FB1D0ECE /* Slide.swift */; };
		D7EF832F6759735DB000DF14 /* PPTGenerator.swift in Sources */ = {isa = PBXBuildFile; fileRef = 89919F6610091462D15702D6 /* PPTGenerator.swift */; };
		E034C532E1A93EC7032FD8EC /* CanvasCapture.swift in Sources */ = {isa = PBXBuildFile; fileRef = 092FAE360A28BEDA62E79B26 /* CanvasCapture.swift */; };
		E951C870D391E6391C1C3365 /* ChatMessage.swift in Sources */ = {isa = PBXBuildFile; fileRef = F096F0EE71B95E01A4715200 /* ChatMessage.swift */; };
		EE7B92C24824D103D2C08655 /* GenerationEngine.swift in Sources */ = {isa = PBXBuildFile; fileRef = D3773D4CA90585C03F7A2DF6 /* GenerationEngine.swift */; };
		F0A1CD3CE12123396A27668F /* PreviewPanel.swift in Sources */ = {isa = PBXBuildFile; fileRef = CFD01F95DE5859B81CD15855 /* PreviewPanel.swift */; };
/* End PBXBuildFile section */

/* Begin PBXFileReference section */
		092FAE360A28BEDA62E79B26 /* CanvasCapture.swift */ = {isa = PBXFileReference; lastKnownFileType = sourcecode.swift; path = CanvasCapture.swift; sourceTree = "<group>"; };
		13FFACB289684EAA50965478 /* CanvasState.swift */ = {isa = PBXFileReference; lastKnownFileType = sourcecode.swift; path = CanvasState.swift; sourceTree = "<group>"; };
		33464AE6F8931DEAFB30A75A /* CodeExtractor.swift */ = {isa = PBXFileReference; lastKnownFileType = sourcecode.swift; path = CodeExtractor.swift; sourceTree = "<group>"; };
		33F95F1452C3511F883364AD /* PPTPreviewPanel.swift */ = {isa = PBXFileReference; lastKnownFileType = sourcecode.swift; path = PPTPreviewPanel.swift; sourceTree = "<group>"; };
		437F21D7F466CC42520423CB /* AttachmentPicker.swift */ = {isa = PBXFileReference; lastKnownFileType = sourcecode.swift; path = AttachmentPicker.swift; sourceTree = "<group>"; };
		4B2A32BEB0F9B973E48256FA /* ClaudeAPIService.swift */ = {isa = PBXFileReference; lastKnownFileType = sourcecode.swift; path = ClaudeAPIService.swift; sourceTree = "<group>"; };
		4D120A16A04DED1529B1ACAE /* AssetLibraryView.swift */ = {isa = PBXFileReference; lastKnownFileType = sourcecode.swift; path = AssetLibraryView.swift; sourceTree = "<group>"; };
		52B636D7B97FEAC733026E52 /* DrawingToolBar.swift */ = {isa = PBXFileReference; lastKnownFileType = sourcecode.swift; path = DrawingToolBar.swift; sourceTree = "<group>"; };
		537043B761960B2D96AB103E /* Assets.xcassets */ = {isa = PBXFileReference; lastKnownFileType = folder.assetcatalog; path = Assets.xcassets; sourceTree = "<group>"; };
		59D9E15C105645978B60575D /* SystemPrompts.swift */ = {isa = PBXFileReference; lastKnownFileType = sourcecode.swift; path = SystemPrompts.swift; sourceTree = "<group>"; };
		5B24AB1C5095DAA97FCDC08A /* SpeechRecognizer.swift */ = {isa = PBXFileReference; lastKnownFileType = sourcecode.swift; path = SpeechRecognizer.swift; sourceTree = "<group>"; };
		685CFF6A324214002A29465C /* ChatInputBar.swift */ = {isa = PBXFileReference; lastKnownFileType = sourcecode.swift; path = ChatInputBar.swift; sourceTree = "<group>"; };
		6A048E305E48C9F250DB507E /* MainView.swift */ = {isa = PBXFileReference; lastKnownFileType = sourcecode.swift; path = MainView.swift; sourceTree = "<group>"; };
		89919F6610091462D15702D6 /* PPTGenerator.swift */ = {isa = PBXFileReference; lastKnownFileType = sourcecode.swift; path = PPTGenerator.swift; sourceTree = "<group>"; };
		8C87AD932D093A60FB1D0ECE /* Slide.swift */ = {isa = PBXFileReference; lastKnownFileType = sourcecode.swift; path = Slide.swift; sourceTree = "<group>"; };
		9D9232408A34364649F579D7 /* TYboard.app */ = {isa = PBXFileReference; includeInIndex = 0; lastKnownFileType = wrapper.application; path = TYboard.app; sourceTree = BUILT_PRODUCTS_DIR; };
		ACA5E2551C0DE81D3467CD66 /* ChatState.swift */ = {isa = PBXFileReference; lastKnownFileType = sourcecode.swift; path = ChatState.swift; sourceTree = "<group>"; };
		AECC9AA6758C9B1351A72265 /* AssetItem.swift */ = {isa = PBXFileReference; lastKnownFileType = sourcecode.swift; path = AssetItem.swift; sourceTree = "<group>"; };
		BF38C6F6E3B25E41250587A8 /* InfiniteCanvasView.swift */ = {isa = PBXFileReference; lastKnownFileType = sourcecode.swift; path = InfiniteCanvasView.swift; sourceTree = "<group>"; };
		C1D519551ADFC1824CBD2543 /* AssetStore.swift */ = {isa = PBXFileReference; lastKnownFileType = sourcecode.swift; path = AssetStore.swift; sourceTree = "<group>"; };
		CEF883A04333C873A69D2CB8 /* TYboardApp.swift */ = {isa = PBXFileReference; lastKnownFileType = sourcecode.swift; path = TYboardApp.swift; sourceTree = "<group>"; };
		CFD01F95DE5859B81CD15855 /* PreviewPanel.swift */ = {isa = PBXFileReference; lastKnownFileType = sourcecode.swift; path = PreviewPanel.swift; sourceTree = "<group>"; };
		D3773D4CA90585C03F7A2DF6 /* GenerationEngine.swift */ = {isa = PBXFileReference; lastKnownFileType = sourcecode.swift; path = GenerationEngine.swift; sourceTree = "<group>"; };
		F096F0EE71B95E01A4715200 /* ChatMessage.swift */ = {isa = PBXFileReference; lastKnownFileType = sourcecode.swift; path = ChatMessage.swift; sourceTree = "<group>"; };
/* End PBXFileReference section */

/* Begin PBXGroup section */
		04D6B2F67ED261C4842DDF4C /* Canvas */ = {
			isa = PBXGroup;
			children = (
				52B636D7B97FEAC733026E52 /* DrawingToolBar.swift */,
				BF38C6F6E3B25E41250587A8 /* InfiniteCanvasView.swift */,
			);
			path = Canvas;
			sourceTree = "<group>";
		};
		0E88CB60E0C4AAA86397C9FA /* Canvas */ = {
			isa = PBXGroup;
			children = (
				13FFACB289684EAA50965478 /* CanvasState.swift */,
				F096F0EE71B95E01A4715200 /* ChatMessage.swift */,
				ACA5E2551C0DE81D3467CD66 /* ChatState.swift */,
			);
			path = Canvas;
			sourceTree = "<group>";
		};
		1EE0548376C758DDE73EF754 /* Project */ = {
			isa = PBXGroup;
			children = (
				8C87AD932D093A60FB1D0ECE /* Slide.swift */,
			);
			path = Project;
			sourceTree = "<group>";
		};
		45ACA302C27192F39D7D0564 /* Chat */ = {
			isa = PBXGroup;
			children = (
				685CFF6A324214002A29465C /* ChatInputBar.swift */,
			);
			path = Chat;
			sourceTree = "<group>";
		};
		58375B6AD5B31BC49C0F3F1B /* Models */ = {
			isa = PBXGroup;
			children = (
				E6912C88CD310F01C916E3FB /* Asset */,
				0E88CB60E0C4AAA86397C9FA /* Canvas */,
				1EE0548376C758DDE73EF754 /* Project */,
			);
			path = Models;
			sourceTree = "<group>";
		};
		5B298D8562A60BDAF642310C /* Products */ = {
			isa = PBXGroup;
			children = (
				9D9232408A34364649F579D7 /* TYboard.app */,
			);
			name = Products;
			sourceTree = "<group>";
		};
		5ED09261CFE00E7A10F5BFF3 /* Drawing */ = {
			isa = PBXGroup;
			children = (
				092FAE360A28BEDA62E79B26 /* CanvasCapture.swift */,
			);
			path = Drawing;
			sourceTree = "<group>";
		};
		6232BD23CBC103C9D3593B11 /* AssetLibrary */ = {
			isa = PBXGroup;
			children = (
				4D120A16A04DED1529B1ACAE /* AssetLibraryView.swift */,
			);
			path = AssetLibrary;
			sourceTree = "<group>";
		};
		83216E9D07CE135B95BA58FB /* Generation */ = {
			isa = PBXGroup;
			children = (
				33464AE6F8931DEAFB30A75A /* CodeExtractor.swift */,
				D3773D4CA90585C03F7A2DF6 /* GenerationEngine.swift */,
				89919F6610091462D15702D6 /* PPTGenerator.swift */,
			);
			path = Generation;
			sourceTree = "<group>";
		};
		A0CC97BC738CC5EB2C88D762 /* AI */ = {
			isa = PBXGroup;
			children = (
				437F21D7F466CC42520423CB /* AttachmentPicker.swift */,
				4B2A32BEB0F9B973E48256FA /* ClaudeAPIService.swift */,
				5B24AB1C5095DAA97FCDC08A /* SpeechRecognizer.swift */,
				59D9E15C105645978B60575D /* SystemPrompts.swift */,
			);
			path = AI;
			sourceTree = "<group>";
		};
		A9D4EBE5630F8E9615721D1C /* Preview */ = {
			isa = PBXGroup;
			children = (
				33F95F1452C3511F883364AD /* PPTPreviewPanel.swift */,
				CFD01F95DE5859B81CD15855 /* PreviewPanel.swift */,
			);
			path = Preview;
			sourceTree = "<group>";
		};
		AF74B8B5EB15106ED8EA3DC5 /* Services */ = {
			isa = PBXGroup;
			children = (
				A0CC97BC738CC5EB2C88D762 /* AI */,
				5ED09261CFE00E7A10F5BFF3 /* Drawing */,
				83216E9D07CE135B95BA58FB /* Generation */,
				EF4107773CCEC9B04C937F80 /* Storage */,
			);
			path = Services;
			sourceTree = "<group>";
		};
		D4EA7F83D5550E1FF69F2B83 = {
			isa = PBXGroup;
			children = (
				FE4FB37B55201CC1E1DF4116 /* TYboard */,
				5B298D8562A60BDAF642310C /* Products */,
			);
			sourceTree = "<group>";
		};
		E20BC7BDD3CEC9F8D923E54D /* Resources */ = {
			isa = PBXGroup;
			children = (
				537043B761960B2D96AB103E /* Assets.xcassets */,
			);
			path = Resources;
			sourceTree = "<group>";
		};
		E6912C88CD310F01C916E3FB /* Asset */ = {
			isa = PBXGroup;
			children = (
				AECC9AA6758C9B1351A72265 /* AssetItem.swift */,
			);
			path = Asset;
			sourceTree = "<group>";
		};
		EE0BF2E1A8660F63D1BC6520 /* Views */ = {
			isa = PBXGroup;
			children = (
				6A048E305E48C9F250DB507E /* MainView.swift */,
				6232BD23CBC103C9D3593B11 /* AssetLibrary */,
				04D6B2F67ED261C4842DDF4C /* Canvas */,
				45ACA302C27192F39D7D0564 /* Chat */,
				A9D4EBE5630F8E9615721D1C /* Preview */,
			);
			path = Views;
			sourceTree = "<group>";
		};
		EF4107773CCEC9B04C937F80 /* Storage */ = {
			isa = PBXGroup;
			children = (
				C1D519551ADFC1824CBD2543 /* AssetStore.swift */,
			);
			path = Storage;
			sourceTree = "<group>";
		};
		FE4FB37B55201CC1E1DF4116 /* TYboard */ = {
			isa = PBXGroup;
			children = (
				CEF883A04333C873A69D2CB8 /* TYboardApp.swift */,
				58375B6AD5B31BC49C0F3F1B /* Models */,
				E20BC7BDD3CEC9F8D923E54D /* Resources */,
				AF74B8B5EB15106ED8EA3DC5 /* Services */,
				EE0BF2E1A8660F63D1BC6520 /* Views */,
			);
			path = TYboard;
			sourceTree = "<group>";
		};
/* End PBXGroup section */

/* Begin PBXNativeTarget section */
		C134C4FA96D9D12A2CB47F5D /* TYboard */ = {
			isa = PBXNativeTarget;
			buildConfigurationList = 9DBF41DC3993432D7BE51D4B /* Build configuration list for PBXNativeTarget "TYboard" */;
			buildPhases = (
				F16E63C9B69CF307DBA98409 /* Sources */,
				C60CFE28050A46CFE2956AEB /* Resources */,
			);
			buildRules = (
			);
			dependencies = (
			);
			name = TYboard;
			packageProductDependencies = (
			);
			productName = TYboard;
			productReference = 9D9232408A34364649F579D7 /* TYboard.app */;
			productType = "com.apple.product-type.application";
		};
/* End PBXNativeTarget section */

/* Begin PBXProject section */
		E4F7EABC934372E74AAE513E /* Project object */ = {
			isa = PBXProject;
			attributes = {
				BuildIndependentTargetsInParallel = YES;
				LastUpgradeCheck = 1630;
				TargetAttributes = {
				};
			};
			buildConfigurationList = 99EE4BF3DF279DCEB02732B1 /* Build configuration list for PBXProject "TYboard" */;
			developmentRegion = en;
			hasScannedForEncodings = 0;
			knownRegions = (
				Base,
				en,
			);
			mainGroup = D4EA7F83D5550E1FF69F2B83;
			minimizedProjectReferenceProxies = 1;
			preferredProjectObjectVersion = 77;
			productRefGroup = 5B298D8562A60BDAF642310C /* Products */;
			projectDirPath = "";
			projectRoot = "";
			targets = (
				C134C4FA96D9D12A2CB47F5D /* TYboard */,
			);
		};
/* End PBXProject section */

/* Begin PBXResourcesBuildPhase section */
		C60CFE28050A46CFE2956AEB /* Resources */ = {
			isa = PBXResourcesBuildPhase;
			buildActionMask = 2147483647;
			files = (
				8F2767653CD733A728F12765 /* Assets.xcassets in Resources */,
			);
			runOnlyForDeploymentPostprocessing = 0;
		};
/* End PBXResourcesBuildPhase section */

/* Begin PBXSourcesBuildPhase section */
		F16E63C9B69CF307DBA98409 /* Sources */ = {
			isa = PBXSourcesBuildPhase;
			buildActionMask = 2147483647;
			files = (
				581B169F6889D9932E921E16 /* AssetItem.swift in Sources */,
				1166BB58355FF8EEB416B491 /* AssetLibraryView.swift in Sources */,
				A2F1A564CB455F94DC07AFBD /* AssetStore.swift in Sources */,
				A47335663792A575A3F7B59D /* AttachmentPicker.swift in Sources */,
				E034C532E1A93EC7032FD8EC /* CanvasCapture.swift in Sources */,
				AEB06728897F4080EB66630D /* CanvasState.swift in Sources */,
				3F95EF1BF167CE19DEC075F4 /* ChatInputBar.swift in Sources */,
				E951C870D391E6391C1C3365 /* ChatMessage.swift in Sources */,
				1324765781B9824178C30A7A /* ChatState.swift in Sources */,
				B9372EDD3628C2E0E966E941 /* ClaudeAPIService.swift in Sources */,
				89A617376BB6D2FA6EE25A28 /* CodeExtractor.swift in Sources */,
				A6CC5AAF238C0391465A3858 /* DrawingToolBar.swift in Sources */,
				EE7B92C24824D103D2C08655 /* GenerationEngine.swift in Sources */,
				B1DBEAA9046C4034B7097CB8 /* InfiniteCanvasView.swift in Sources */,
				278EFCAA8424867DD4CA8F60 /* MainView.swift in Sources */,
				D7EF832F6759735DB000DF14 /* PPTGenerator.swift in Sources */,
				0C0B09DB68C54622782F14E5 /* PPTPreviewPanel.swift in Sources */,
				F0A1CD3CE12123396A27668F /* PreviewPanel.swift in Sources */,
				CD3BAC86C128C776828C9B43 /* Slide.swift in Sources */,
				67C62D5CE34250E047FE6ACA /* SpeechRecognizer.swift in Sources */,
				41DCA9FDCCC781DB734FB1F3 /* SystemPrompts.swift in Sources */,
				075046F0BECA17BCE40C8798 /* TYboardApp.swift in Sources */,
			);
			runOnlyForDeploymentPostprocessing = 0;
		};
/* End PBXSourcesBuildPhase section */

/* Begin XCBuildConfiguration section */
		0E41C0F057105B6BF3DD102F /* Release */ = {
			isa = XCBuildConfiguration;
			buildSettings = {
				ASSETCATALOG_COMPILER_APPICON_NAME = AppIcon;
				CODE_SIGN_IDENTITY = "iPhone Developer";
				GENERATE_INFOPLIST_FILE = YES;
				INFOPLIST_KEY_LSApplicationCategoryType = "public.app-category.productivity";
				INFOPLIST_KEY_NSMicrophoneUsageDescription = "TYboard需要麦克风权限来录制语音";
				INFOPLIST_KEY_NSPhotoLibraryUsageDescription = "TYboard需要相册权限来导入素材";
				INFOPLIST_KEY_NSSpeechRecognitionUsageDescription = "TYboard需要语音识别权限来支持语音输入";
				LD_RUNPATH_SEARCH_PATHS = (
					"$(inherited)",
					"@executable_path/Frameworks",
				);
				PRODUCT_BUNDLE_IDENTIFIER = com.tyboard.TYboard;
				SDKROOT = iphoneos;
				SWIFT_STRICT_CONCURRENCY = complete;
				TARGETED_DEVICE_FAMILY = "1,2";
			};
			name = Release;
		};
		2CE9527885121D5D1A7C3470 /* Release */ = {
			isa = XCBuildConfiguration;
			buildSettings = {
				ALWAYS_SEARCH_USER_PATHS = NO;
				CLANG_ANALYZER_NONNULL = YES;
				CLANG_ANALYZER_NUMBER_OBJECT_CONVERSION = YES_AGGRESSIVE;
				CLANG_CXX_LANGUAGE_STANDARD = "gnu++14";
				CLANG_CXX_LIBRARY = "libc++";
				CLANG_ENABLE_MODULES = YES;
				CLANG_ENABLE_OBJC_ARC = YES;
				CLANG_ENABLE_OBJC_WEAK = YES;
				CLANG_WARN_BLOCK_CAPTURE_AUTORELEASING = YES;
				CLANG_WARN_BOOL_CONVERSION = YES;
				CLANG_WARN_COMMA = YES;
				CLANG_WARN_CONSTANT_CONVERSION = YES;
				CLANG_WARN_DEPRECATED_OBJC_IMPLEMENTATIONS = YES;
				CLANG_WARN_DIRECT_OBJC_ISA_USAGE = YES_ERROR;
				CLANG_WARN_DOCUMENTATION_COMMENTS = YES;
				CLANG_WARN_EMPTY_BODY = YES;
				CLANG_WARN_ENUM_CONVERSION = YES;
				CLANG_WARN_INFINITE_RECURSION = YES;
				CLANG_WARN_INT_CONVERSION = YES;
				CLANG_WARN_NON_LITERAL_NULL_CONVERSION = YES;
				CLANG_WARN_OBJC_IMPLICIT_RETAIN_SELF = YES;
				CLANG_WARN_OBJC_LITERAL_CONVERSION = YES;
				CLANG_WARN_OBJC_ROOT_CLASS = YES_ERROR;
				CLANG_WARN_QUOTED_INCLUDE_IN_FRAMEWORK_HEADER = YES;
				CLANG_WARN_RANGE_LOOP_ANALYSIS = YES;
				CLANG_WARN_STRICT_PROTOTYPES = YES;
				CLANG_WARN_SUSPICIOUS_MOVE = YES;
				CLANG_WARN_UNGUARDED_AVAILABILITY = YES_AGGRESSIVE;
				CLANG_WARN_UNREACHABLE_CODE = YES;
				CLANG_WARN__DUPLICATE_METHOD_MATCH = YES;
				COPY_PHASE_STRIP = NO;
				CURRENT_PROJECT_VERSION = 01.00.01;
				DEBUG_INFORMATION_FORMAT = "dwarf-with-dsym";
				ENABLE_NS_ASSERTIONS = NO;
				ENABLE_STRICT_OBJC_MSGSEND = YES;
				GCC_C_LANGUAGE_STANDARD = gnu11;
				GCC_NO_COMMON_BLOCKS = YES;
				GCC_WARN_64_TO_32_BIT_CONVERSION = YES;
				GCC_WARN_ABOUT_RETURN_TYPE = YES_ERROR;
				GCC_WARN_UNDECLARED_SELECTOR = YES;
				GCC_WARN_UNINITIALIZED_AUTOS = YES_AGGRESSIVE;
				GCC_WARN_UNUSED_FUNCTION = YES;
				GCC_WARN_UNUSED_VARIABLE = YES;
				INFOPLIST_KEY_UILaunchScreen_Generation = YES;
				INFOPLIST_KEY_UISupportedInterfaceOrientations = "UIInterfaceOrientationLandscapeLeft UIInterfaceOrientationLandscapeRight UIInterfaceOrientationPortrait";
				IPHONEOS_DEPLOYMENT_TARGET = 17.0;
				MARKETING_VERSION = 1.0.0;
				MTL_ENABLE_DEBUG_INFO = NO;
				MTL_FAST_MATH = YES;
				PRODUCT_NAME = "$(TARGET_NAME)";
				SDKROOT = iphoneos;
				SUPPORTS_XR_DESIGNED_FOR_IPHONE_IPAD = NO;
				SWIFT_COMPILATION_MODE = wholemodule;
				SWIFT_OPTIMIZATION_LEVEL = "-O";
				SWIFT_VERSION = 5.0;
				TARGETED_DEVICE_FAMILY = 2;
			};
			name = Release;
		};
		65ECA9126AC5457F154BB2CC /* Debug */ = {
			isa = XCBuildConfiguration;
			buildSettings = {
				ASSETCATALOG_COMPILER_APPICON_NAME = AppIcon;
				CODE_SIGN_IDENTITY = "iPhone Developer";
				GENERATE_INFOPLIST_FILE = YES;
				INFOPLIST_KEY_LSApplicationCategoryType = "public.app-category.productivity";
				INFOPLIST_KEY_NSMicrophoneUsageDescription = "TYboard需要麦克风权限来录制语音";
				INFOPLIST_KEY_NSPhotoLibraryUsageDescription = "TYboard需要相册权限来导入素材";
				INFOPLIST_KEY_NSSpeechRecognitionUsageDescription = "TYboard需要语音识别权限来支持语音输入";
				LD_RUNPATH_SEARCH_PATHS = (
					"$(inherited)",
					"@executable_path/Frameworks",
				);
				PRODUCT_BUNDLE_IDENTIFIER = com.tyboard.TYboard;
				SDKROOT = iphoneos;
				SWIFT_STRICT_CONCURRENCY = complete;
				TARGETED_DEVICE_FAMILY = "1,2";
			};
			name = Debug;
		};
		706915ECCE20A69F2A114B98 /* Debug */ = {
			isa = XCBuildConfiguration;
			buildSettings = {
				ALWAYS_SEARCH_USER_PATHS = NO;
				CLANG_ANALYZER_NONNULL = YES;
				CLANG_ANALYZER_NUMBER_OBJECT_CONVERSION = YES_AGGRESSIVE;
				CLANG_CXX_LANGUAGE_STANDARD = "gnu++14";
				CLANG_CXX_LIBRARY = "libc++";
				CLANG_ENABLE_MODULES = YES;
				CLANG_ENABLE_OBJC_ARC = YES;
				CLANG_ENABLE_OBJC_WEAK = YES;
				CLANG_WARN_BLOCK_CAPTURE_AUTORELEASING = YES;
				CLANG_WARN_BOOL_CONVERSION = YES;
				CLANG_WARN_COMMA = YES;
				CLANG_WARN_CONSTANT_CONVERSION = YES;
				CLANG_WARN_DEPRECATED_OBJC_IMPLEMENTATIONS = YES;
				CLANG_WARN_DIRECT_OBJC_ISA_USAGE = YES_ERROR;
				CLANG_WARN_DOCUMENTATION_COMMENTS = YES;
				CLANG_WARN_EMPTY_BODY = YES;
				CLANG_WARN_ENUM_CONVERSION = YES;
				CLANG_WARN_INFINITE_RECURSION = YES;
				CLANG_WARN_INT_CONVERSION = YES;
				CLANG_WARN_NON_LITERAL_NULL_CONVERSION = YES;
				CLANG_WARN_OBJC_IMPLICIT_RETAIN_SELF = YES;
				CLANG_WARN_OBJC_LITERAL_CONVERSION = YES;
				CLANG_WARN_OBJC_ROOT_CLASS = YES_ERROR;
				CLANG_WARN_QUOTED_INCLUDE_IN_FRAMEWORK_HEADER = YES;
				CLANG_WARN_RANGE_LOOP_ANALYSIS = YES;
				CLANG_WARN_STRICT_PROTOTYPES = YES;
				CLANG_WARN_SUSPICIOUS_MOVE = YES;
				CLANG_WARN_UNGUARDED_AVAILABILITY = YES_AGGRESSIVE;
				CLANG_WARN_UNREACHABLE_CODE = YES;
				CLANG_WARN__DUPLICATE_METHOD_MATCH = YES;
				COPY_PHASE_STRIP = NO;
				CURRENT_PROJECT_VERSION = 01.00.01;
				DEBUG_INFORMATION_FORMAT = dwarf;
				ENABLE_STRICT_OBJC_MSGSEND = YES;
				ENABLE_TESTABILITY = YES;
				GCC_C_LANGUAGE_STANDARD = gnu11;
				GCC_DYNAMIC_NO_PIC = NO;
				GCC_NO_COMMON_BLOCKS = YES;
				GCC_OPTIMIZATION_LEVEL = 0;
				GCC_PREPROCESSOR_DEFINITIONS = (
					"$(inherited)",
					"DEBUG=1",
				);
				GCC_WARN_64_TO_32_BIT_CONVERSION = YES;
				GCC_WARN_ABOUT_RETURN_TYPE = YES_ERROR;
				GCC_WARN_UNDECLARED_SELECTOR = YES;
				GCC_WARN_UNINITIALIZED_AUTOS = YES_AGGRESSIVE;
				GCC_WARN_UNUSED_FUNCTION = YES;
				GCC_WARN_UNUSED_VARIABLE = YES;
				INFOPLIST_KEY_UILaunchScreen_Generation = YES;
				INFOPLIST_KEY_UISupportedInterfaceOrientations = "UIInterfaceOrientationLandscapeLeft UIInterfaceOrientationLandscapeRight UIInterfaceOrientationPortrait";
				IPHONEOS_DEPLOYMENT_TARGET = 17.0;
				MARKETING_VERSION = 1.0.0;
				MTL_ENABLE_DEBUG_INFO = INCLUDE_SOURCE;
				MTL_FAST_MATH = YES;
				ONLY_ACTIVE_ARCH = YES;
				PRODUCT_NAME = "$(TARGET_NAME)";
				SDKROOT = iphoneos;
				SUPPORTS_XR_DESIGNED_FOR_IPHONE_IPAD = NO;
				SWIFT_ACTIVE_COMPILATION_CONDITIONS = DEBUG;
				SWIFT_OPTIMIZATION_LEVEL = "-Onone";
				SWIFT_VERSION = 5.0;
				TARGETED_DEVICE_FAMILY = 2;
			};
			name = Debug;
		};
/* End XCBuildConfiguration section */

/* Begin XCConfigurationList section */
		99EE4BF3DF279DCEB02732B1 /* Build configuration list for PBXProject "TYboard" */ = {
			isa = XCConfigurationList;
			buildConfigurations = (
				706915ECCE20A69F2A114B98 /* Debug */,
				2CE9527885121D5D1A7C3470 /* Release */,
			);
			defaultConfigurationIsVisible = 0;
			defaultConfigurationName = Debug;
		};
		9DBF41DC3993432D7BE51D4B /* Build configuration list for PBXNativeTarget "TYboard" */ = {
			isa = XCConfigurationList;
			buildConfigurations = (
				65ECA9126AC5457F154BB2CC /* Debug */,
				0E41C0F057105B6BF3DD102F /* Release */,
			);
			defaultConfigurationIsVisible = 0;
			defaultConfigurationName = Debug;
		};
/* End XCConfigurationList section */
	};
	rootObject = E4F7EABC934372E74AAE513E /* Project object */;
}
